
Microsoft Visual Studio Solution File, Format Version 12.00
# Visual Studio Version 17
VisualStudioVersion = 17.5.002.0
MinimumVisualStudioVersion = 10.0.40219.1
Project("{9A19103F-16F7-4668-BE54-9A1E7A4F7556}") = "API", "API.csproj", "{DC923C6E-59F6-46B7-A8F5-DBBF0250D173}"
EndProject
Global
	GlobalSection(SolutionConfigurationPlatforms) = preSolution
		Debug|Any CPU = Debug|Any CPU
		Release|Any CPU = Release|Any CPU
	EndGlobalSection
	GlobalSection(ProjectConfigurationPlatforms) = postSolution
		{DC923C6E-59F6-46B7-A8F5-DBBF0250D173}.Debug|Any CPU.ActiveCfg = Debug|Any CPU
		{DC923C6E-59F6-46B7-A8F5-DBBF0250D173}.Debug|Any CPU.Build.0 = Debug|Any CPU
		{DC923C6E-59F6-46B7-A8F5-DBBF0250D173}.Release|Any CPU.ActiveCfg = Release|Any CPU
		{DC923C6E-59F6-46B7-A8F5-DBBF0250D173}.Release|Any CPU.Build.0 = Release|Any CPU
	EndGlobalSection
	GlobalSection(SolutionProperties) = preSolution
		HideSolutionNode = FALSE
	EndGlobalSection
	GlobalSection(ExtensibilityGlobals) = postSolution
		SolutionGuid = {C379431A-CE64-4B79-BEE3-7BBB036C3117}
	EndGlobalSection
EndGlobal
